<?xml version="1.0" encoding="utf-8"?>
<Project ToolsVersion="4.0" xmlns="http://schemas.microsoft.com/developer/msbuild/2003">
  <ItemGroup>
    <Filter Include="Util">
      <UniqueIdentifier>{23A78D7C-0FDE-8E0D-B8CA-7410A4E00A0F}</UniqueIdentifier>
    </Filter>
  </ItemGroup>
  <ItemGroup>
    <ClInclude Include="src\Util\ImGuiUtil.h">
      <Filter>Util</Filter>
    </ClInclude>
    <ClInclude Include="src\Util\Shader.h">
      <Filter>Util</Filter>
    </ClInclude>
    <ClInclude Include="src\Util\Texture.h">
      <Filter>Util</Filter>
    </ClInclude>
  </ItemGroup>
  <ItemGroup>
    <ClCompile Include="src\Main.cpp" />
    <ClCompile Include="src\Util\ImGuiBuild.cpp">
      <Filter>Util</Filter>
    </ClCompile>
    <ClCompile Include="src\Util\ImGuiUtil.cpp">
      <Filter>Util</Filter>
    </ClCompile>
    <ClCompile Include="src\Util\Shader.cpp">
      <Filter>Util</Filter>
    </ClCompile>
    <ClCompile Include="src\Util\Texture.cpp">
      <Filter>Util</Filter>
    </ClCompile>
  </ItemGroup>
</Project>